
Microsoft Visual Studio Solution File, Format Version 12.00
# Visual Studio 15
VisualStudioVersion = 15.0.27703.2035
MinimumVisualStudioVersion = 10.0.40219.1
Project("{FAE04EC0-301F-11D3-BF4B-00C04F79EFBC}") = "Metode_examples", "Metode_examples\Metode_examples.csproj", "{B1DAA321-C9D3-4DC0-AB2C-9C19F264E218}"
EndProject
Global
	GlobalSection(SolutionConfigurationPlatforms) = preSolution
		Debug|Any CPU = Debug|Any CPU
		Release|Any CPU = Release|Any CPU
	EndGlobalSection
	GlobalSection(ProjectConfigurationPlatforms) = postSolution
		{B1DAA321-C9D3-4DC0-AB2C-9C19F264E218}.Debug|Any CPU.ActiveCfg = Debug|Any CPU
		{B1DAA321-C9D3-4DC0-AB2C-9C19F264E218}.Debug|Any CPU.Build.0 = Debug|Any CPU
		{B1DAA321-C9D3-4DC0-AB2C-9C19F264E218}.Release|Any CPU.ActiveCfg = Release|Any CPU
		{B1DAA321-C9D3-4DC0-AB2C-9C19F264E218}.Release|Any CPU.Build.0 = Release|Any CPU
	EndGlobalSection
	GlobalSection(SolutionProperties) = preSolution
		HideSolutionNode = FALSE
	EndGlobalSection
	GlobalSection(ExtensibilityGlobals) = postSolution
		SolutionGuid = {0DEA4DBA-08CF-4421-A8E6-B098AC5B9EDD}
	EndGlobalSection
EndGlobal
